
Microsoft Visual Studio Solution File, Format Version 12.00
# Visual Studio 15
VisualStudioVersion = 15.0.27004.2008
MinimumVisualStudioVersion = 10.0.40219.1
Project("{FAE04EC0-301F-11D3-BF4B-00C04F79EFBC}") = "Presents", "Presents\Presents.csproj", "{17E25EB9-4ACC-4A24-AA32-625A4A594310}"
EndProject
Global
	GlobalSection(SolutionConfigurationPlatforms) = preSolution
		Debug|Any CPU = Debug|Any CPU
		Release|Any CPU = Release|Any CPU
	EndGlobalSection
	GlobalSection(ProjectConfigurationPlatforms) = postSolution
		{17E25EB9-4ACC-4A24-AA32-625A4A594310}.Debug|Any CPU.ActiveCfg = Debug|Any CPU
		{17E25EB9-4ACC-4A24-AA32-625A4A594310}.Debug|Any CPU.Build.0 = Debug|Any CPU
		{17E25EB9-4ACC-4A24-AA32-625A4A594310}.Release|Any CPU.ActiveCfg = Release|Any CPU
		{17E25EB9-4ACC-4A24-AA32-625A4A594310}.Release|Any CPU.Build.0 = Release|Any CPU
	EndGlobalSection
	GlobalSection(SolutionProperties) = preSolution
		HideSolutionNode = FALSE
	EndGlobalSection
	GlobalSection(ExtensibilityGlobals) = postSolution
		SolutionGuid = {6B6D49B1-0FE4-455F-B9F9-7B1BC72E588B}
	EndGlobalSection
EndGlobal
